<?xml version="1.0" encoding="UTF-8" standalone="yes" ?>
<CodeBlocks_project_file>
	<FileVersion major="1" minor="6" />
	<Project>
		<Option title="C-Eye-1.0" />
		<Option pch_mode="2" />
		<Option compiler="gcc" />
		<Build>
			<Target title="Debug">
				<Option output="bin\Debug\Test_19Sep" prefix_auto="1" extension_auto="1" />
				<Option object_output="obj\Debug\" />
				<Option type="1" />
				<Option compiler="gcc" />
				<Option parameters="1 2" />
				<Compiler>
					<Add option="-g" />
					<Add directory="C:\opencv\build\include" />
				</Compiler>
				<Linker>
					<Add library="C:\opencv\my_build\lib\libopencv_calib3d_pch_dephelp.a" />
					<Add library="C:\opencv\my_build\lib\libopencv_calib3d310.dll.a" />
					<Add library="C:\opencv\my_build\lib\libopencv_core_pch_dephelp.a" />
					<Add library="C:\opencv\my_build\lib\libopencv_core310.dll.a" />
					<Add library="C:\opencv\my_build\lib\libopencv_features2d_pch_dephelp.a" />
					<Add library="C:\opencv\my_build\lib\libopencv_features2d310.dll.a" />
					<Add library="C:\opencv\my_build\lib\libopencv_flann_pch_dephelp.a" />
					<Add library="C:\opencv\my_build\lib\libopencv_flann310.dll.a" />
					<Add library="C:\opencv\my_build\lib\libopencv_highgui_pch_dephelp.a" />
					<Add library="C:\opencv\my_build\lib\libopencv_highgui310.dll.a" />
					<Add library="C:\opencv\my_build\lib\libopencv_imgcodecs_pch_dephelp.a" />
					<Add library="C:\opencv\my_build\lib\libopencv_imgcodecs310.dll.a" />
					<Add library="C:\opencv\my_build\lib\libopencv_imgproc_pch_dephelp.a" />
					<Add library="C:\opencv\my_build\lib\libopencv_imgproc310.dll.a" />
					<Add library="C:\opencv\my_build\lib\libopencv_ml_pch_dephelp.a" />
					<Add library="C:\opencv\my_build\lib\libopencv_ml310.dll.a" />
					<Add library="C:\opencv\my_build\lib\libopencv_objdetect_pch_dephelp.a" />
					<Add library="C:\opencv\my_build\lib\libopencv_objdetect310.dll.a" />
					<Add library="C:\opencv\my_build\lib\libopencv_perf_calib3d_pch_dephelp.a" />
					<Add library="C:\opencv\my_build\lib\libopencv_perf_core_pch_dephelp.a" />
					<Add library="C:\opencv\my_build\lib\libopencv_perf_features2d_pch_dephelp.a" />
					<Add library="C:\opencv\my_build\lib\libopencv_perf_imgcodecs_pch_dephelp.a" />
					<Add library="C:\opencv\my_build\lib\libopencv_perf_imgproc_pch_dephelp.a" />
					<Add library="C:\opencv\my_build\lib\libopencv_perf_objdetect_pch_dephelp.a" />
					<Add library="C:\opencv\my_build\lib\libopencv_perf_photo_pch_dephelp.a" />
					<Add library="C:\opencv\my_build\lib\libopencv_perf_stitching_pch_dephelp.a" />
					<Add library="C:\opencv\my_build\lib\libopencv_perf_superres_pch_dephelp.a" />
					<Add library="C:\opencv\my_build\lib\libopencv_perf_video_pch_dephelp.a" />
					<Add library="C:\opencv\my_build\lib\libopencv_perf_videoio_pch_dephelp.a" />
					<Add library="C:\opencv\my_build\lib\libopencv_photo_pch_dephelp.a" />
					<Add library="C:\opencv\my_build\lib\libopencv_photo310.dll.a" />
					<Add library="C:\opencv\my_build\lib\libopencv_shape_pch_dephelp.a" />
					<Add library="C:\opencv\my_build\lib\libopencv_shape310.dll.a" />
					<Add library="C:\opencv\my_build\lib\libopencv_stitching_pch_dephelp.a" />
					<Add library="C:\opencv\my_build\lib\libopencv_stitching310.dll.a" />
					<Add library="C:\opencv\my_build\lib\libopencv_superres_pch_dephelp.a" />
					<Add library="C:\opencv\my_build\lib\libopencv_superres310.dll.a" />
					<Add library="C:\opencv\my_build\lib\libopencv_test_calib3d_pch_dephelp.a" />
					<Add library="C:\opencv\my_build\lib\libopencv_test_core_pch_dephelp.a" />
					<Add library="C:\opencv\my_build\lib\libopencv_test_features2d_pch_dephelp.a" />
					<Add library="C:\opencv\my_build\lib\libopencv_test_flann_pch_dephelp.a" />
					<Add library="C:\opencv\my_build\lib\libopencv_test_highgui_pch_dephelp.a" />
					<Add library="C:\opencv\my_build\lib\libopencv_test_imgcodecs_pch_dephelp.a" />
					<Add library="C:\opencv\my_build\lib\libopencv_test_imgproc_pch_dephelp.a" />
					<Add library="C:\opencv\my_build\lib\libopencv_test_ml_pch_dephelp.a" />
					<Add library="C:\opencv\my_build\lib\libopencv_test_objdetect_pch_dephelp.a" />
					<Add library="C:\opencv\my_build\lib\libopencv_test_photo_pch_dephelp.a" />
					<Add library="C:\opencv\my_build\lib\libopencv_test_shape_pch_dephelp.a" />
					<Add library="C:\opencv\my_build\lib\libopencv_test_stitching_pch_dephelp.a" />
					<Add library="C:\opencv\my_build\lib\libopencv_test_superres_pch_dephelp.a" />
					<Add library="C:\opencv\my_build\lib\libopencv_test_video_pch_dephelp.a" />
					<Add library="C:\opencv\my_build\lib\libopencv_test_videoio_pch_dephelp.a" />
					<Add library="C:\opencv\my_build\lib\libopencv_ts_pch_dephelp.a" />
					<Add library="C:\opencv\my_build\lib\libopencv_ts310.a" />
					<Add library="C:\opencv\my_build\lib\libopencv_video_pch_dephelp.a" />
					<Add library="C:\opencv\my_build\lib\libopencv_video310.dll.a" />
					<Add library="C:\opencv\my_build\lib\libopencv_videoio_pch_dephelp.a" />
					<Add library="C:\opencv\my_build\lib\libopencv_videoio310.dll.a" />
					<Add library="C:\opencv\my_build\lib\libopencv_videostab_pch_dephelp.a" />
					<Add library="C:\opencv\my_build\lib\libopencv_videostab310.dll.a" />
					<Add directory="C:\opencv\my_build\lib" />
				</Linker>
			</Target>
			<Target title="Release">
				<Option output="bin\Release\Test_19Sep" prefix_auto="1" extension_auto="1" />
				<Option object_output="obj\Release\" />
				<Option type="1" />
				<Option compiler="gcc" />
				<Compiler>
					<Add option="-O2" />
				</Compiler>
				<Linker>
					<Add option="-s" />
				</Linker>
			</Target>
		</Build>
		<Compiler>
			<Add option="-Wall" />
			<Add option="-fexceptions" />
			<Add directory="C:\Users\tej\Desktop\Test_19Sep\include\" />
		</Compiler>
		<Unit filename="include\CartesianBuilder.h" />
		<Unit filename="include\DetectColor.h" />
		<Unit filename="include\DetectTrafficSignal.h" />
		<Unit filename="include\LaneSwitcher.h" />
		<Unit filename="include\ObjectDetection.h" />
		<Unit filename="include\helpers.h" />
		<Unit filename="src\CartesianBuilder.cpp" />
		<Unit filename="src\DetectTrafficSignal.cpp" />
		<Unit filename="src\LaneSwitcher.cpp" />
		<Unit filename="src\ObjectDetection.Cpp" />
		<Unit filename="src\main.cpp" />
		<Extensions>
			<code_completion />
			<debugger />
		</Extensions>
	</Project>
</CodeBlocks_project_file>
